
Microsoft Visual Studio Solution File, Format Version 12.00
Project("{2150E333-8FDC-42A3-9474-1A3956D46DE8}") = "Services", "Services", "{F8B99BDE-3A4A-4EA0-9526-7D362C0793E0}"
EndProject
Project("{FAE04EC0-301F-11D3-BF4B-00C04F79EFBC}") = "Back", "Services\Back\Back.csproj", "{0C8AC60C-99AB-4B62-928F-4F1D8B52DB58}"
EndProject
Project("{2150E333-8FDC-42A3-9474-1A3956D46DE8}") = "Web", "Web", "{FE429B85-2436-462A-86A0-AB112B298FDF}"
EndProject
Global
	GlobalSection(SolutionConfigurationPlatforms) = preSolution
		Debug|Any CPU = Debug|Any CPU
		Release|Any CPU = Release|Any CPU
	EndGlobalSection
	GlobalSection(ProjectConfigurationPlatforms) = postSolution
		{0C8AC60C-99AB-4B62-928F-4F1D8B52DB58}.Debug|Any CPU.ActiveCfg = Debug|Any CPU
		{0C8AC60C-99AB-4B62-928F-4F1D8B52DB58}.Debug|Any CPU.Build.0 = Debug|Any CPU
		{0C8AC60C-99AB-4B62-928F-4F1D8B52DB58}.Release|Any CPU.ActiveCfg = Release|Any CPU
		{0C8AC60C-99AB-4B62-928F-4F1D8B52DB58}.Release|Any CPU.Build.0 = Release|Any CPU
	EndGlobalSection
	GlobalSection(NestedProjects) = preSolution
		{0C8AC60C-99AB-4B62-928F-4F1D8B52DB58} = {F8B99BDE-3A4A-4EA0-9526-7D362C0793E0}
	EndGlobalSection
EndGlobal
