
Microsoft Visual Studio Solution File, Format Version 12.00
Project("{2150E333-8FDC-42A3-9474-1A3956D46DE8}") = "Services", "Services", "{F8B99BDE-3A4A-4EA0-9526-7D362C0793E0}"
EndProject
Project("{FAE04EC0-301F-11D3-BF4B-00C04F79EFBC}") = "Back.Web", "Services\Back\Back.Web\Back.Web.csproj", "{0C8AC60C-99AB-4B62-928F-4F1D8B52DB58}"
EndProject
Project("{2150E333-8FDC-42A3-9474-1A3956D46DE8}") = "Web", "Web", "{FE429B85-2436-462A-86A0-AB112B298FDF}"
EndProject
Project("{FAE04EC0-301F-11D3-BF4B-00C04F79EFBC}") = "Back.Core", "Services\Back\Back.Core\Back.Core.csproj", "{C4B3329C-6B57-4462-A1D1-9795FEF3C00B}"
EndProject
Project("{FAE04EC0-301F-11D3-BF4B-00C04F79EFBC}") = "Back.Infrastructure", "Services\Back\Back.Infrastructure\Back.Infrastructure.csproj", "{375D5A64-F3E4-41EB-AE0B-62F39FD1E615}"
EndProject
Project("{2150E333-8FDC-42A3-9474-1A3956D46DE8}") = "Solution Items", "Solution Items", "{0FE4FF0B-E4EE-47E0-A2CE-AF0498A57E63}"
	ProjectSection(SolutionItems) = preProject
		docker-compose.yml = docker-compose.yml
	EndProjectSection
EndProject
Global
	GlobalSection(SolutionConfigurationPlatforms) = preSolution
		Debug|Any CPU = Debug|Any CPU
		Release|Any CPU = Release|Any CPU
	EndGlobalSection
	GlobalSection(ProjectConfigurationPlatforms) = postSolution
		{0C8AC60C-99AB-4B62-928F-4F1D8B52DB58}.Debug|Any CPU.ActiveCfg = Debug|Any CPU
		{0C8AC60C-99AB-4B62-928F-4F1D8B52DB58}.Debug|Any CPU.Build.0 = Debug|Any CPU
		{0C8AC60C-99AB-4B62-928F-4F1D8B52DB58}.Release|Any CPU.ActiveCfg = Release|Any CPU
		{0C8AC60C-99AB-4B62-928F-4F1D8B52DB58}.Release|Any CPU.Build.0 = Release|Any CPU
		{C4B3329C-6B57-4462-A1D1-9795FEF3C00B}.Debug|Any CPU.ActiveCfg = Debug|Any CPU
		{C4B3329C-6B57-4462-A1D1-9795FEF3C00B}.Debug|Any CPU.Build.0 = Debug|Any CPU
		{C4B3329C-6B57-4462-A1D1-9795FEF3C00B}.Release|Any CPU.ActiveCfg = Release|Any CPU
		{C4B3329C-6B57-4462-A1D1-9795FEF3C00B}.Release|Any CPU.Build.0 = Release|Any CPU
		{375D5A64-F3E4-41EB-AE0B-62F39FD1E615}.Debug|Any CPU.ActiveCfg = Debug|Any CPU
		{375D5A64-F3E4-41EB-AE0B-62F39FD1E615}.Debug|Any CPU.Build.0 = Debug|Any CPU
		{375D5A64-F3E4-41EB-AE0B-62F39FD1E615}.Release|Any CPU.ActiveCfg = Release|Any CPU
		{375D5A64-F3E4-41EB-AE0B-62F39FD1E615}.Release|Any CPU.Build.0 = Release|Any CPU
	EndGlobalSection
	GlobalSection(NestedProjects) = preSolution
		{0C8AC60C-99AB-4B62-928F-4F1D8B52DB58} = {F8B99BDE-3A4A-4EA0-9526-7D362C0793E0}
		{C4B3329C-6B57-4462-A1D1-9795FEF3C00B} = {F8B99BDE-3A4A-4EA0-9526-7D362C0793E0}
		{375D5A64-F3E4-41EB-AE0B-62F39FD1E615} = {F8B99BDE-3A4A-4EA0-9526-7D362C0793E0}
	EndGlobalSection
EndGlobal
