
Microsoft Visual Studio Solution File, Format Version 12.00
Project("{2150E333-8FDC-42A3-9474-1A3956D46DE8}") = "Services", "Services", "{F8B99BDE-3A4A-4EA0-9526-7D362C0793E0}"
EndProject
Project("{2150E333-8FDC-42A3-9474-1A3956D46DE8}") = "Solution Items", "Solution Items", "{0FE4FF0B-E4EE-47E0-A2CE-AF0498A57E63}"
	ProjectSection(SolutionItems) = preProject
		docker-compose.yml = docker-compose.yml
	EndProjectSection
EndProject
Project("{2150E333-8FDC-42A3-9474-1A3956D46DE8}") = "Back", "Back", "{0E524BC0-D338-4F13-BD81-46A394B4A4BD}"
EndProject
Project("{FAE04EC0-301F-11D3-BF4B-00C04F79EFBC}") = "Back.Web", "Services\Back\Back.Web\Back.Web.csproj", "{68D238A0-3889-4D23-8885-19B302645ED1}"
EndProject
Project("{FAE04EC0-301F-11D3-BF4B-00C04F79EFBC}") = "Back.Core", "Services\Back\Back.Core\Back.Core.csproj", "{6FBEB5BB-F165-4858-8AF4-0D2956D4453E}"
EndProject
Project("{FAE04EC0-301F-11D3-BF4B-00C04F79EFBC}") = "Back.Infrastructure", "Services\Back\Back.Infrastructure\Back.Infrastructure.csproj", "{764C49C9-A49D-4AC5-9506-E2D6DC25966A}"
EndProject
Project("{2150E333-8FDC-42A3-9474-1A3956D46DE8}") = "Education", "Education", "{E4507F56-D135-4318-B268-7CF63C29BC53}"
EndProject
Project("{2150E333-8FDC-42A3-9474-1A3956D46DE8}") = "Grpc", "Grpc", "{4E7FF78D-D12A-452B-B72C-376BFA45EC75}"
EndProject
Project("{FAE04EC0-301F-11D3-BF4B-00C04F79EFBC}") = "ConsoleGrpcClient", "Education\Grpc\ConsoleGrpcClient\ConsoleGrpcClient.csproj", "{A74BF3F2-8119-4274-AA46-F16DFC8F3413}"
EndProject
Project("{FAE04EC0-301F-11D3-BF4B-00C04F79EFBC}") = "GrpcService", "Education\Grpc\GrpcService\GrpcService.csproj", "{BFA7EAC9-F8E4-486B-BB75-B3A5B042ADF9}"
EndProject
Project("{FAE04EC0-301F-11D3-BF4B-00C04F79EFBC}") = "GrpcService.Test", "Education\Grpc\GrpcService.Test\GrpcService.Test.csproj", "{F2FB8BCB-5E04-47FD-9240-90B2BD9235FC}"
EndProject
Project("{FAE04EC0-301F-11D3-BF4B-00C04F79EFBC}") = "WebGrpcClient", "Education\Grpc\WebGrpcClient\WebGrpcClient.csproj", "{A1F0B269-6440-4D13-B8B4-B135626965AF}"
EndProject
Global
	GlobalSection(SolutionConfigurationPlatforms) = preSolution
		Debug|Any CPU = Debug|Any CPU
		Release|Any CPU = Release|Any CPU
	EndGlobalSection
	GlobalSection(ProjectConfigurationPlatforms) = postSolution
		{68D238A0-3889-4D23-8885-19B302645ED1}.Debug|Any CPU.ActiveCfg = Debug|Any CPU
		{68D238A0-3889-4D23-8885-19B302645ED1}.Debug|Any CPU.Build.0 = Debug|Any CPU
		{68D238A0-3889-4D23-8885-19B302645ED1}.Release|Any CPU.ActiveCfg = Release|Any CPU
		{68D238A0-3889-4D23-8885-19B302645ED1}.Release|Any CPU.Build.0 = Release|Any CPU
		{6FBEB5BB-F165-4858-8AF4-0D2956D4453E}.Debug|Any CPU.ActiveCfg = Debug|Any CPU
		{6FBEB5BB-F165-4858-8AF4-0D2956D4453E}.Debug|Any CPU.Build.0 = Debug|Any CPU
		{6FBEB5BB-F165-4858-8AF4-0D2956D4453E}.Release|Any CPU.ActiveCfg = Release|Any CPU
		{6FBEB5BB-F165-4858-8AF4-0D2956D4453E}.Release|Any CPU.Build.0 = Release|Any CPU
		{764C49C9-A49D-4AC5-9506-E2D6DC25966A}.Debug|Any CPU.ActiveCfg = Debug|Any CPU
		{764C49C9-A49D-4AC5-9506-E2D6DC25966A}.Debug|Any CPU.Build.0 = Debug|Any CPU
		{764C49C9-A49D-4AC5-9506-E2D6DC25966A}.Release|Any CPU.ActiveCfg = Release|Any CPU
		{764C49C9-A49D-4AC5-9506-E2D6DC25966A}.Release|Any CPU.Build.0 = Release|Any CPU
		{A74BF3F2-8119-4274-AA46-F16DFC8F3413}.Debug|Any CPU.ActiveCfg = Debug|Any CPU
		{A74BF3F2-8119-4274-AA46-F16DFC8F3413}.Debug|Any CPU.Build.0 = Debug|Any CPU
		{A74BF3F2-8119-4274-AA46-F16DFC8F3413}.Release|Any CPU.ActiveCfg = Release|Any CPU
		{A74BF3F2-8119-4274-AA46-F16DFC8F3413}.Release|Any CPU.Build.0 = Release|Any CPU
		{BFA7EAC9-F8E4-486B-BB75-B3A5B042ADF9}.Debug|Any CPU.ActiveCfg = Debug|Any CPU
		{BFA7EAC9-F8E4-486B-BB75-B3A5B042ADF9}.Debug|Any CPU.Build.0 = Debug|Any CPU
		{BFA7EAC9-F8E4-486B-BB75-B3A5B042ADF9}.Release|Any CPU.ActiveCfg = Release|Any CPU
		{BFA7EAC9-F8E4-486B-BB75-B3A5B042ADF9}.Release|Any CPU.Build.0 = Release|Any CPU
		{F2FB8BCB-5E04-47FD-9240-90B2BD9235FC}.Debug|Any CPU.ActiveCfg = Debug|Any CPU
		{F2FB8BCB-5E04-47FD-9240-90B2BD9235FC}.Debug|Any CPU.Build.0 = Debug|Any CPU
		{F2FB8BCB-5E04-47FD-9240-90B2BD9235FC}.Release|Any CPU.ActiveCfg = Release|Any CPU
		{F2FB8BCB-5E04-47FD-9240-90B2BD9235FC}.Release|Any CPU.Build.0 = Release|Any CPU
		{A1F0B269-6440-4D13-B8B4-B135626965AF}.Debug|Any CPU.ActiveCfg = Debug|Any CPU
		{A1F0B269-6440-4D13-B8B4-B135626965AF}.Debug|Any CPU.Build.0 = Debug|Any CPU
		{A1F0B269-6440-4D13-B8B4-B135626965AF}.Release|Any CPU.ActiveCfg = Release|Any CPU
		{A1F0B269-6440-4D13-B8B4-B135626965AF}.Release|Any CPU.Build.0 = Release|Any CPU
	EndGlobalSection
	GlobalSection(NestedProjects) = preSolution
		{0E524BC0-D338-4F13-BD81-46A394B4A4BD} = {F8B99BDE-3A4A-4EA0-9526-7D362C0793E0}
		{68D238A0-3889-4D23-8885-19B302645ED1} = {0E524BC0-D338-4F13-BD81-46A394B4A4BD}
		{6FBEB5BB-F165-4858-8AF4-0D2956D4453E} = {0E524BC0-D338-4F13-BD81-46A394B4A4BD}
		{764C49C9-A49D-4AC5-9506-E2D6DC25966A} = {0E524BC0-D338-4F13-BD81-46A394B4A4BD}
		{E4507F56-D135-4318-B268-7CF63C29BC53} = {F8B99BDE-3A4A-4EA0-9526-7D362C0793E0}
		{4E7FF78D-D12A-452B-B72C-376BFA45EC75} = {E4507F56-D135-4318-B268-7CF63C29BC53}
		{A74BF3F2-8119-4274-AA46-F16DFC8F3413} = {4E7FF78D-D12A-452B-B72C-376BFA45EC75}
		{BFA7EAC9-F8E4-486B-BB75-B3A5B042ADF9} = {4E7FF78D-D12A-452B-B72C-376BFA45EC75}
		{F2FB8BCB-5E04-47FD-9240-90B2BD9235FC} = {4E7FF78D-D12A-452B-B72C-376BFA45EC75}
		{A1F0B269-6440-4D13-B8B4-B135626965AF} = {4E7FF78D-D12A-452B-B72C-376BFA45EC75}
	EndGlobalSection
EndGlobal
